{
  "name": "bilstrap-iocjs-example",
  "version": "0.0.1",
  "lockfileVersion": 1,
  "requires": true,
  "dependencies": {
    "bilstrap-iocjs": {
      "version": "1.0.2",
      "resolved": "https://registry.npmjs.org/bilstrap-iocjs/-/bilstrap-iocjs-1.0.2.tgz",
      "integrity": "sha512-bKjdgoOeX0Z7Ibi3vMkzbg0gJ3ACbIYLYhXExBN3Xl5XhVBc27pc34PL2aIACww5Q/X0FZupoWSlwXVVz+6i/g=="
    }
  }
}
