{
  "name": "bilstrap-iocjs-example",
  "version": "0.0.1",
  "lockfileVersion": 1,
  "requires": true,
  "dependencies": {
    "bilstrap-iocjs": {
      "version": "1.0.5",
      "resolved": "https://registry.npmjs.org/bilstrap-iocjs/-/bilstrap-iocjs-1.0.5.tgz",
      "integrity": "sha512-fG5Vxn2P+LnRYs3fUkKnomoGp9t9FkhziZzymJl/rnKmOPlHNcH2vkMenRe/UdDSivthbccSMNAIn2UQ9YTRhg=="
    }
  }
}
